{
  "version": 4,
  "terraform_version": "1.10.4",
  "serial": 55,
  "lineage": "560ca5ab-13ef-b79e-ef6b-7451924dcd3f",
  "outputs": {
    "aws_ssm_parameter": {
      "value": "/fern/database/url",
      "type": "string"
    },
    "aws_ssm_parameter_value": {
      "value": "postgresql://user:password@host:port/dbname",
      "type": "string",
      "sensitive": true
    },
    "rds_password": {
      "value": "57vsiVXL9PAu66zf",
      "type": "string",
      "sensitive": true
    },
    "rds_username": {
      "value": "fern_admin",
      "type": "string",
      "sensitive": true
    }
  },
  "resources": [
    {
      "mode": "data",
      "type": "aws_kms_alias",
      "name": "default",
      "provider": "provider[\"registry.terraform.io/hashicorp/aws\"]",
      "instances": [
        {
          "schema_version": 0,
          "attributes": {
            "arn": "arn:aws:kms:us-west-2:780701903315:alias/aws/ssm",
            "id": "arn:aws:kms:us-west-2:780701903315:alias/aws/ssm",
            "name": "alias/aws/ssm",
            "target_key_arn": "arn:aws:kms:us-west-2:780701903315:key/022e9e7b-bba0-46bd-bc76-b3b35becc11b",
            "target_key_id": "022e9e7b-bba0-46bd-bc76-b3b35becc11b"
          },
          "sensitive_attributes": []
        }
      ]
    },
    {
      "mode": "data",
      "type": "aws_region",
      "name": "current",
      "provider": "provider[\"registry.terraform.io/hashicorp/aws\"]",
      "instances": [
        {
          "schema_version": 0,
          "attributes": {
            "description": "US West (Oregon)",
            "endpoint": "ec2.us-west-2.amazonaws.com",
            "id": "us-west-2",
            "name": "us-west-2"
          },
          "sensitive_attributes": []
        }
      ]
    },
    {
      "mode": "data",
      "type": "aws_security_group",
      "name": "default",
      "provider": "provider[\"registry.terraform.io/hashicorp/aws\"]",
      "instances": [
        {
          "schema_version": 0,
          "attributes": {
            "arn": "arn:aws:ec2:us-west-2:780701903315:security-group/sg-0fe47d116c87711e0",
            "description": "default VPC security group",
            "filter": null,
            "id": "sg-0fe47d116c87711e0",
            "name": "default",
            "tags": {},
            "timeouts": null,
            "vpc_id": "vpc-0434ce74d668be469"
          },
          "sensitive_attributes": []
        }
      ]
    },
    {
      "mode": "data",
      "type": "aws_subnet",
      "name": "default",
      "provider": "provider[\"registry.terraform.io/hashicorp/aws\"]",
      "instances": [
        {
          "index_key": 0,
          "schema_version": 0,
          "attributes": {
            "arn": "arn:aws:ec2:us-west-2:780701903315:subnet/subnet-039be1e24b19131d4",
            "assign_ipv6_address_on_creation": false,
            "availability_zone": "us-west-2d",
            "availability_zone_id": "usw2-az4",
            "available_ip_address_count": 4091,
            "cidr_block": "172.31.48.0/20",
            "customer_owned_ipv4_pool": "",
            "default_for_az": true,
            "enable_dns64": false,
            "enable_lni_at_device_index": 0,
            "enable_resource_name_dns_a_record_on_launch": false,
            "enable_resource_name_dns_aaaa_record_on_launch": false,
            "filter": null,
            "id": "subnet-039be1e24b19131d4",
            "ipv6_cidr_block": "",
            "ipv6_cidr_block_association_id": "",
            "ipv6_native": false,
            "map_customer_owned_ip_on_launch": false,
            "map_public_ip_on_launch": true,
            "outpost_arn": "",
            "owner_id": "780701903315",
            "private_dns_hostname_type_on_launch": "ip-name",
            "state": "available",
            "tags": {},
            "timeouts": null,
            "vpc_id": "vpc-0434ce74d668be469"
          },
          "sensitive_attributes": []
        },
        {
          "index_key": 1,
          "schema_version": 0,
          "attributes": {
            "arn": "arn:aws:ec2:us-west-2:780701903315:subnet/subnet-07a3e31928d47993d",
            "assign_ipv6_address_on_creation": false,
            "availability_zone": "us-west-2a",
            "availability_zone_id": "usw2-az2",
            "available_ip_address_count": 4091,
            "cidr_block": "172.31.32.0/20",
            "customer_owned_ipv4_pool": "",
            "default_for_az": true,
            "enable_dns64": false,
            "enable_lni_at_device_index": 0,
            "enable_resource_name_dns_a_record_on_launch": false,
            "enable_resource_name_dns_aaaa_record_on_launch": false,
            "filter": null,
            "id": "subnet-07a3e31928d47993d",
            "ipv6_cidr_block": "",
            "ipv6_cidr_block_association_id": "",
            "ipv6_native": false,
            "map_customer_owned_ip_on_launch": false,
            "map_public_ip_on_launch": true,
            "outpost_arn": "",
            "owner_id": "780701903315",
            "private_dns_hostname_type_on_launch": "ip-name",
            "state": "available",
            "tags": {},
            "timeouts": null,
            "vpc_id": "vpc-0434ce74d668be469"
          },
          "sensitive_attributes": []
        },
        {
          "index_key": 2,
          "schema_version": 0,
          "attributes": {
            "arn": "arn:aws:ec2:us-west-2:780701903315:subnet/subnet-00373bc6d41be0a2b",
            "assign_ipv6_address_on_creation": false,
            "availability_zone": "us-west-2b",
            "availability_zone_id": "usw2-az1",
            "available_ip_address_count": 4091,
            "cidr_block": "172.31.16.0/20",
            "customer_owned_ipv4_pool": "",
            "default_for_az": true,
            "enable_dns64": false,
            "enable_lni_at_device_index": 0,
            "enable_resource_name_dns_a_record_on_launch": false,
            "enable_resource_name_dns_aaaa_record_on_launch": false,
            "filter": null,
            "id": "subnet-00373bc6d41be0a2b",
            "ipv6_cidr_block": "",
            "ipv6_cidr_block_association_id": "",
            "ipv6_native": false,
            "map_customer_owned_ip_on_launch": false,
            "map_public_ip_on_launch": true,
            "outpost_arn": "",
            "owner_id": "780701903315",
            "private_dns_hostname_type_on_launch": "ip-name",
            "state": "available",
            "tags": {},
            "timeouts": null,
            "vpc_id": "vpc-0434ce74d668be469"
          },
          "sensitive_attributes": []
        },
        {
          "index_key": 3,
          "schema_version": 0,
          "attributes": {
            "arn": "arn:aws:ec2:us-west-2:780701903315:subnet/subnet-00c79cdb95b22238b",
            "assign_ipv6_address_on_creation": false,
            "availability_zone": "us-west-2c",
            "availability_zone_id": "usw2-az3",
            "available_ip_address_count": 4091,
            "cidr_block": "172.31.0.0/20",
            "customer_owned_ipv4_pool": "",
            "default_for_az": true,
            "enable_dns64": false,
            "enable_lni_at_device_index": 0,
            "enable_resource_name_dns_a_record_on_launch": false,
            "enable_resource_name_dns_aaaa_record_on_launch": false,
            "filter": null,
            "id": "subnet-00c79cdb95b22238b",
            "ipv6_cidr_block": "",
            "ipv6_cidr_block_association_id": "",
            "ipv6_native": false,
            "map_customer_owned_ip_on_launch": false,
            "map_public_ip_on_launch": true,
            "outpost_arn": "",
            "owner_id": "780701903315",
            "private_dns_hostname_type_on_launch": "ip-name",
            "state": "available",
            "tags": {},
            "timeouts": null,
            "vpc_id": "vpc-0434ce74d668be469"
          },
          "sensitive_attributes": []
        }
      ]
    },
    {
      "mode": "data",
      "type": "aws_subnets",
      "name": "default",
      "provider": "provider[\"registry.terraform.io/hashicorp/aws\"]",
      "instances": [
        {
          "schema_version": 0,
          "attributes": {
            "filter": [
              {
                "name": "vpc-id",
                "values": [
                  "vpc-0434ce74d668be469"
                ]
              }
            ],
            "id": "us-west-2",
            "ids": [
              "subnet-039be1e24b19131d4",
              "subnet-07a3e31928d47993d",
              "subnet-00373bc6d41be0a2b",
              "subnet-00c79cdb95b22238b"
            ],
            "tags": null,
            "timeouts": null
          },
          "sensitive_attributes": []
        }
      ]
    },
    {
      "mode": "data",
      "type": "aws_vpc",
      "name": "default",
      "provider": "provider[\"registry.terraform.io/hashicorp/aws\"]",
      "instances": [
        {
          "schema_version": 0,
          "attributes": {
            "arn": "arn:aws:ec2:us-west-2:780701903315:vpc/vpc-0434ce74d668be469",
            "cidr_block": "172.31.0.0/16",
            "cidr_block_associations": [
              {
                "association_id": "vpc-cidr-assoc-09be17257049d5834",
                "cidr_block": "172.31.0.0/16",
                "state": "associated"
              }
            ],
            "default": true,
            "dhcp_options_id": "dopt-0539b95c7089fa4fc",
            "enable_dns_hostnames": true,
            "enable_dns_support": true,
            "enable_network_address_usage_metrics": false,
            "filter": null,
            "id": "vpc-0434ce74d668be469",
            "instance_tenancy": "default",
            "ipv6_association_id": "",
            "ipv6_cidr_block": "",
            "main_route_table_id": "rtb-02d1b9bc004ffcee5",
            "owner_id": "780701903315",
            "state": null,
            "tags": {},
            "timeouts": null
          },
          "sensitive_attributes": []
        }
      ]
    },
    {
      "mode": "managed",
      "type": "aws_db_subnet_group",
      "name": "default",
      "provider": "provider[\"registry.terraform.io/hashicorp/aws\"]",
      "instances": [
        {
          "schema_version": 0,
          "attributes": {
            "arn": "arn:aws:rds:us-west-2:780701903315:subgrp:fern-rds-db-subnet-group20250209011627419800000001",
            "description": "Managed by Terraform",
            "id": "fern-rds-db-subnet-group20250209011627419800000001",
            "name": "fern-rds-db-subnet-group20250209011627419800000001",
            "name_prefix": "fern-rds-db-subnet-group",
            "subnet_ids": [
              "subnet-00373bc6d41be0a2b",
              "subnet-00c79cdb95b22238b",
              "subnet-039be1e24b19131d4",
              "subnet-07a3e31928d47993d"
            ],
            "supported_network_types": [
              "IPV4"
            ],
            "tags": {
              "Name": "fern-rds-db-subnet-group"
            },
            "tags_all": {
              "Name": "fern-rds-db-subnet-group"
            },
            "vpc_id": "vpc-0434ce74d668be469"
          },
          "sensitive_attributes": [],
          "private": "bnVsbA==",
          "dependencies": [
            "data.aws_subnets.default",
            "data.aws_vpc.default"
          ],
          "create_before_destroy": true
        }
      ]
    },
    {
      "mode": "managed",
      "type": "aws_kms_key",
      "name": "default",
      "provider": "provider[\"registry.terraform.io/hashicorp/aws\"]",
      "instances": [
        {
          "schema_version": 0,
          "attributes": {
            "arn": "arn:aws:kms:us-west-2:780701903315:key/247f7d9d-4748-4f01-b696-d2baec450ad6",
            "bypass_policy_lockout_safety_check": false,
            "custom_key_store_id": "",
            "customer_master_key_spec": "SYMMETRIC_DEFAULT",
            "deletion_window_in_days": 10,
            "description": "KMS key/SSM",
            "enable_key_rotation": true,
            "id": "247f7d9d-4748-4f01-b696-d2baec450ad6",
            "is_enabled": true,
            "key_id": "247f7d9d-4748-4f01-b696-d2baec450ad6",
            "key_usage": "ENCRYPT_DECRYPT",
            "multi_region": false,
            "policy": "{\"Id\":\"key-default-1\",\"Statement\":[{\"Action\":\"kms:*\",\"Effect\":\"Allow\",\"Principal\":{\"AWS\":\"arn:aws:iam::780701903315:root\"},\"Resource\":\"*\",\"Sid\":\"Enable IAM User Permissions\"}],\"Version\":\"2012-10-17\"}",
            "tags": {
              "Name": "fern-db-kms-key"
            },
            "tags_all": {
              "Name": "fern-db-kms-key"
            }
          },
          "sensitive_attributes": [],
          "private": "bnVsbA=="
        }
      ]
    },
    {
      "mode": "managed",
      "type": "aws_security_group",
      "name": "rds",
      "provider": "provider[\"registry.terraform.io/hashicorp/aws\"]",
      "instances": [
        {
          "schema_version": 1,
          "attributes": {
            "arn": "arn:aws:ec2:us-west-2:780701903315:security-group/sg-0934cb80fb68acd9c",
            "description": "Allow inbound traffic to RDS",
            "egress": [
              {
                "cidr_blocks": [
                  "0.0.0.0/0"
                ],
                "description": "",
                "from_port": 0,
                "ipv6_cidr_blocks": [],
                "prefix_list_ids": [],
                "protocol": "-1",
                "security_groups": [],
                "self": false,
                "to_port": 0
              }
            ],
            "id": "sg-0934cb80fb68acd9c",
            "ingress": [
              {
                "cidr_blocks": [
                  "0.0.0.0/0"
                ],
                "description": "Allow inbound traffic to RDS",
                "from_port": 5432,
                "ipv6_cidr_blocks": [],
                "prefix_list_ids": [],
                "protocol": "tcp",
                "security_groups": [],
                "self": false,
                "to_port": 5432
              }
            ],
            "name": "fern-rds-db-sg",
            "name_prefix": "",
            "owner_id": "780701903315",
            "revoke_rules_on_delete": false,
            "tags": {
              "Name": "fern-rds-db-sg",
              "Service": "fern"
            },
            "tags_all": {
              "Name": "fern-rds-db-sg",
              "Service": "fern"
            },
            "timeouts": null,
            "vpc_id": "vpc-0434ce74d668be469"
          },
          "sensitive_attributes": [],
          "private": "eyJlMmJmYjczMC1lY2FhLTExZTYtOGY4OC0zNDM2M2JjN2M0YzAiOnsiY3JlYXRlIjo2MDAwMDAwMDAwMDAsImRlbGV0ZSI6OTAwMDAwMDAwMDAwfSwic2NoZW1hX3ZlcnNpb24iOiIxIn0=",
          "dependencies": [
            "data.aws_vpc.default"
          ]
        }
      ]
    },
    {
      "mode": "managed",
      "type": "aws_ssm_parameter",
      "name": "database_url",
      "provider": "provider[\"registry.terraform.io/hashicorp/aws\"]",
      "instances": [
        {
          "schema_version": 0,
          "attributes": {
            "allowed_pattern": "",
            "arn": "arn:aws:ssm:us-west-2:780701903315:parameter/fern/database/url",
            "data_type": "text",
            "description": "Database URL for fern RDS instance",
            "id": "/fern/database/url",
            "insecure_value": null,
            "key_id": "alias/aws/ssm",
            "name": "/fern/database/url",
            "overwrite": null,
            "tags": {},
            "tags_all": {},
            "tier": "Standard",
            "type": "SecureString",
            "value": "postgresql://user:password@host:port/dbname",
            "version": 1
          },
          "sensitive_attributes": [
            [
              {
                "type": "get_attr",
                "value": "value"
              }
            ]
          ],
          "private": "bnVsbA=="
        }
      ]
    },
    {
      "mode": "managed",
      "type": "random_password",
      "name": "database_password",
      "provider": "provider[\"registry.terraform.io/hashicorp/random\"]",
      "instances": [
        {
          "schema_version": 3,
          "attributes": {
            "bcrypt_hash": "$2a$10$1OksHyp00x2FuvXZKof5/.zFvHT5OqVrZZqVGdPA/nzB94crWkgA2",
            "id": "none",
            "keepers": null,
            "length": 16,
            "lower": true,
            "min_lower": 0,
            "min_numeric": 0,
            "min_special": 0,
            "min_upper": 0,
            "number": true,
            "numeric": true,
            "override_special": "_%@",
            "result": "57vsiVXL9PAu66zf",
            "special": true,
            "upper": true
          },
          "sensitive_attributes": [
            [
              {
                "type": "get_attr",
                "value": "result"
              }
            ],
            [
              {
                "type": "get_attr",
                "value": "bcrypt_hash"
              }
            ]
          ]
        }
      ]
    }
  ],
  "check_results": null
}
